// !$*UTF8*$!
{
	archiveVersion = 1;
	classes = {
	};
	objectVersion = 46;
	objects = {

/* Begin PBXBuildFile section */
		1717A9431B40216B008AAB15 /* AppDelegate.swift in Sources */ = {isa = PBXBuildFile; fileRef = 1717A9421B40216B008AAB15 /* AppDelegate.swift */; };
		1717A9451B40216B008AAB15 /* ViewController.swift in Sources */ = {isa = PBXBuildFile; fileRef = 1717A9441B40216B008AAB15 /* ViewController.swift */; };
		1717A9481B40216B008AAB15 /* Main.storyboard in Resources */ = {isa = PBXBuildFile; fileRef = 1717A9461B40216B008AAB15 /* Main.storyboard */; };
		1717A94A1B40216B008AAB15 /* Images.xcassets in Resources */ = {isa = PBXBuildFile; fileRef = 1717A9491B40216B008AAB15 /* Images.xcassets */; };
		1717A94D1B40216B008AAB15 /* LaunchScreen.xib in Resources */ = {isa = PBXBuildFile; fileRef = 1717A94B1B40216B008AAB15 /* LaunchScreen.xib */; };
		1717A9591B40216B008AAB15 /* ShoveMeTests.swift in Sources */ = {isa = PBXBuildFile; fileRef = 1717A9581B40216B008AAB15 /* ShoveMeTests.swift */; };
/* End PBXBuildFile section */

/* Begin PBXContainerItemProxy section */
		1717A9531B40216B008AAB15 /* PBXContainerItemProxy */ = {
			isa = PBXContainerItemProxy;
			containerPortal = 1717A9351B40216B008AAB15 /* Project object */;
			proxyType = 1;
			remoteGlobalIDString = 1717A93C1B40216B008AAB15;
			remoteInfo = ShoveMe;
		};
/* End PBXContainerItemProxy section */

/* Begin PBXFileReference section */
		1717A93D1B40216B008AAB15 /* ShoveMe.app */ = {isa = PBXFileReference; explicitFileType = wrapper.application; includeInIndex = 0; path = ShoveMe.app; sourceTree = BUILT_PRODUCTS_DIR; };
		1717A9411B40216B008AAB15 /* Info.plist */ = {isa = PBXFileReference; lastKnownFileType = text.plist.xml; path = Info.plist; sourceTree = "<group>"; };
		1717A9421B40216B008AAB15 /* AppDelegate.swift */ = {isa = PBXFileReference; lastKnownFileType = sourcecode.swift; path = AppDelegate.swift; sourceTree = "<group>"; };
		1717A9441B40216B008AAB15 /* ViewController.swift */ = {isa = PBXFileReference; lastKnownFileType = sourcecode.swift; path = ViewController.swift; sourceTree = "<group>"; };
		1717A9471B40216B008AAB15 /* Base */ = {isa = PBXFileReference; lastKnownFileType = file.storyboard; name = Base; path = Base.lproj/Main.storyboard; sourceTree = "<group>"; };
		1717A9491B40216B008AAB15 /* Images.xcassets */ = {isa = PBXFileReference; lastKnownFileType = folder.assetcatalog; path = Images.xcassets; sourceTree = "<group>"; };
		1717A94C1B40216B008AAB15 /* Base */ = {isa = PBXFileReference; lastKnownFileType = file.xib; name = Base; path = Base.lproj/LaunchScreen.xib; sourceTree = "<group>"; };
		1717A9521B40216B008AAB15 /* ShoveMeTests.xctest */ = {isa = PBXFileReference; explicitFileType = wrapper.cfbundle; includeInIndex = 0; path = ShoveMeTests.xctest; sourceTree = BUILT_PRODUCTS_DIR; };
		1717A9571B40216B008AAB15 /* Info.plist */ = {isa = PBXFileReference; lastKnownFileType = text.plist.xml; path = Info.plist; sourceTree = "<group>"; };
		1717A9581B40216B008AAB15 /* ShoveMeTests.swift */ = {isa = PBXFileReference; lastKnownFileType = sourcecode.swift; path = ShoveMeTests.swift; sourceTree = "<group>"; };
/* End PBXFileReference section */

/* Begin PBXFrameworksBuildPhase section */
		1717A93A1B40216B008AAB15 /* Frameworks */ = {
			isa = PBXFrameworksBuildPhase;
			buildActionMask = 2147483647;
			files = (
			);
			runOnlyForDeploymentPostprocessing = 0;
		};
		1717A94F1B40216B008AAB15 /* Frameworks */ = {
			isa = PBXFrameworksBuildPhase;
			buildActionMask = 2147483647;
			files = (
			);
			runOnlyForDeploymentPostprocessing = 0;
		};
/* End PBXFrameworksBuildPhase section */

/* Begin PBXGroup section */
		1717A9341B40216B008AAB15 = {
			isa = PBXGroup;
			children = (
				1717A93F1B40216B008AAB15 /* ShoveMe */,
				1717A9551B40216B008AAB15 /* ShoveMeTests */,
				1717A93E1B40216B008AAB15 /* Products */,
			);
			sourceTree = "<group>";
		};
		1717A93E1B40216B008AAB15 /* Products */ = {
			isa = PBXGroup;
			children = (
				1717A93D1B40216B008AAB15 /* ShoveMe.app */,
				1717A9521B40216B008AAB15 /* ShoveMeTests.xctest */,
			);
			name = Products;
			sourceTree = "<group>";
		};
		1717A93F1B40216B008AAB15 /* ShoveMe */ = {
			isa = PBXGroup;
			children = (
				1717A9421B40216B008AAB15 /* AppDelegate.swift */,
				1717A9441B40216B008AAB15 /* ViewController.swift */,
				1717A9461B40216B008AAB15 /* Main.storyboard */,
				1717A9491B40216B008AAB15 /* Images.xcassets */,
				1717A94B1B40216B008AAB15 /* LaunchScreen.xib */,
				1717A9401B40216B008AAB15 /* Supporting Files */,
			);
			path = ShoveMe;
			sourceTree = "<group>";
		};
		1717A9401B40216B008AAB15 /* Supporting Files */ = {
			isa = PBXGroup;
			children = (
				1717A9411B40216B008AAB15 /* Info.plist */,
			);
			name = "Supporting Files";
			sourceTree = "<group>";
		};
		1717A9551B40216B008AAB15 /* ShoveMeTests */ = {
			isa = PBXGroup;
			children = (
				1717A9581B40216B008AAB15 /* ShoveMeTests.swift */,
				1717A9561B40216B008AAB15 /* Supporting Files */,
			);
			path = ShoveMeTests;
			sourceTree = "<group>";
		};
		1717A9561B40216B008AAB15 /* Supporting Files */ = {
			isa = PBXGroup;
			children = (
				1717A9571B40216B008AAB15 /* Info.plist */,
			);
			name = "Supporting Files";
			sourceTree = "<group>";
		};
/* End PBXGroup section */

/* Begin PBXNativeTarget section */
		1717A93C1B40216B008AAB15 /* ShoveMe */ = {
			isa = PBXNativeTarget;
			buildConfigurationList = 1717A95C1B40216B008AAB15 /* Build configuration list for PBXNativeTarget "ShoveMe" */;
			buildPhases = (
				1717A9391B40216B008AAB15 /* Sources */,
				1717A93A1B40216B008AAB15 /* Frameworks */,
				1717A93B1B40216B008AAB15 /* Resources */,
			);
			buildRules = (
			);
			dependencies = (
			);
			name = ShoveMe;
			productName = ShoveMe;
			productReference = 1717A93D1B40216B008AAB15 /* ShoveMe.app */;
			productType = "com.apple.product-type.application";
		};
		1717A9511B40216B008AAB15 /* ShoveMeTests */ = {
			isa = PBXNativeTarget;
			buildConfigurationList = 1717A95F1B40216B008AAB15 /* Build configuration list for PBXNativeTarget "ShoveMeTests" */;
			buildPhases = (
				1717A94E1B40216B008AAB15 /* Sources */,
				1717A94F1B40216B008AAB15 /* Frameworks */,
				1717A9501B40216B008AAB15 /* Resources */,
			);
			buildRules = (
			);
			dependencies = (
				1717A9541B40216B008AAB15 /* PBXTargetDependency */,
			);
			name = ShoveMeTests;
			productName = ShoveMeTests;
			productReference = 1717A9521B40216B008AAB15 /* ShoveMeTests.xctest */;
			productType = "com.apple.product-type.bundle.unit-test";
		};
/* End PBXNativeTarget section */

/* Begin PBXProject section */
		1717A9351B40216B008AAB15 /* Project object */ = {
			isa = PBXProject;
			attributes = {
				LastUpgradeCheck = 0620;
				ORGANIZATIONNAME = "Omer Winrauke";
				TargetAttributes = {
					1717A93C1B40216B008AAB15 = {
						CreatedOnToolsVersion = 6.2;
					};
					1717A9511B40216B008AAB15 = {
						CreatedOnToolsVersion = 6.2;
						TestTargetID = 1717A93C1B40216B008AAB15;
					};
				};
			};
			buildConfigurationList = 1717A9381B40216B008AAB15 /* Build configuration list for PBXProject "ShoveMe" */;
			compatibilityVersion = "Xcode 3.2";
			developmentRegion = English;
			hasScannedForEncodings = 0;
			knownRegions = (
				en,
				Base,
			);
			mainGroup = 1717A9341B40216B008AAB15;
			productRefGroup = 1717A93E1B40216B008AAB15 /* Products */;
			projectDirPath = "";
			projectRoot = "";
			targets = (
				1717A93C1B40216B008AAB15 /* ShoveMe */,
				1717A9511B40216B008AAB15 /* ShoveMeTests */,
			);
		};
/* End PBXProject section */

/* Begin PBXResourcesBuildPhase section */
		1717A93B1B40216B008AAB15 /* Resources */ = {
			isa = PBXResourcesBuildPhase;
			buildActionMask = 2147483647;
			files = (
				1717A9481B40216B008AAB15 /* Main.storyboard in Resources */,
				1717A94D1B40216B008AAB15 /* LaunchScreen.xib in Resources */,
				1717A94A1B40216B008AAB15 /* Images.xcassets in Resources */,
			);
			runOnlyForDeploymentPostprocessing = 0;
		};
		1717A9501B40216B008AAB15 /* Resources */ = {
			isa = PBXResourcesBuildPhase;
			buildActionMask = 2147483647;
			files = (
			);
			runOnlyForDeploymentPostprocessing = 0;
		};
/* End PBXResourcesBuildPhase section */

/* Begin PBXSourcesBuildPhase section */
		1717A9391B40216B008AAB15 /* Sources */ = {
			isa = PBXSourcesBuildPhase;
			buildActionMask = 2147483647;
			files = (
				1717A9451B40216B008AAB15 /* ViewController.swift in Sources */,
				1717A9431B40216B008AAB15 /* AppDelegate.swift in Sources */,
			);
			runOnlyForDeploymentPostprocessing = 0;
		};
		1717A94E1B40216B008AAB15 /* Sources */ = {
			isa = PBXSourcesBuildPhase;
			buildActionMask = 2147483647;
			files = (
				1717A9591B40216B008AAB15 /* ShoveMeTests.swift in Sources */,
			);
			runOnlyForDeploymentPostprocessing = 0;
		};
/* End PBXSourcesBuildPhase section */

/* Begin PBXTargetDependency section */
		1717A9541B40216B008AAB15 /* PBXTargetDependency */ = {
			isa = PBXTargetDependency;
			target = 1717A93C1B40216B008AAB15 /* ShoveMe */;
			targetProxy = 1717A9531B40216B008AAB15 /* PBXContainerItemProxy */;
		};
/* End PBXTargetDependency section */

/* Begin PBXVariantGroup section */
		1717A9461B40216B008AAB15 /* Main.storyboard */ = {
			isa = PBXVariantGroup;
			children = (
				1717A9471B40216B008AAB15 /* Base */,
			);
			name = Main.storyboard;
			sourceTree = "<group>";
		};
		1717A94B1B40216B008AAB15 /* LaunchScreen.xib */ = {
			isa = PBXVariantGroup;
			children = (
				1717A94C1B40216B008AAB15 /* Base */,
			);
			name = LaunchScreen.xib;
			sourceTree = "<group>";
		};
/* End PBXVariantGroup section */

/* Begin XCBuildConfiguration section */
		1717A95A1B40216B008AAB15 /* Debug */ = {
			isa = XCBuildConfiguration;
			buildSettings = {
				ALWAYS_SEARCH_USER_PATHS = NO;
				CLANG_CXX_LANGUAGE_STANDARD = "gnu++0x";
				CLANG_CXX_LIBRARY = "libc++";
				CLANG_ENABLE_MODULES = YES;
				CLANG_ENABLE_OBJC_ARC = YES;
				CLANG_WARN_BOOL_CONVERSION = YES;
				CLANG_WARN_CONSTANT_CONVERSION = YES;
				CLANG_WARN_DIRECT_OBJC_ISA_USAGE = YES_ERROR;
				CLANG_WARN_EMPTY_BODY = YES;
				CLANG_WARN_ENUM_CONVERSION = YES;
				CLANG_WARN_INT_CONVERSION = YES;
				CLANG_WARN_OBJC_ROOT_CLASS = YES_ERROR;
				CLANG_WARN_UNREACHABLE_CODE = YES;
				CLANG_WARN__DUPLICATE_METHOD_MATCH = YES;
				"CODE_SIGN_IDENTITY[sdk=iphoneos*]" = "iPhone Developer";
				COPY_PHASE_STRIP = NO;
				ENABLE_STRICT_OBJC_MSGSEND = YES;
				GCC_C_LANGUAGE_STANDARD = gnu99;
				GCC_DYNAMIC_NO_PIC = NO;
				GCC_OPTIMIZATION_LEVEL = 0;
				GCC_PREPROCESSOR_DEFINITIONS = (
					"DEBUG=1",
					"$(inherited)",
				);
				GCC_SYMBOLS_PRIVATE_EXTERN = NO;
				GCC_WARN_64_TO_32_BIT_CONVERSION = YES;
				GCC_WARN_ABOUT_RETURN_TYPE = YES_ERROR;
				GCC_WARN_UNDECLARED_SELECTOR = YES;
				GCC_WARN_UNINITIALIZED_AUTOS = YES_AGGRESSIVE;
				GCC_WARN_UNUSED_FUNCTION = YES;
				GCC_WARN_UNUSED_VARIABLE = YES;
				IPHONEOS_DEPLOYMENT_TARGET = 8.2;
				MTL_ENABLE_DEBUG_INFO = YES;
				ONLY_ACTIVE_ARCH = YES;
				SDKROOT = iphoneos;
				SWIFT_OPTIMIZATION_LEVEL = "-Onone";
				TARGETED_DEVICE_FAMILY = "1,2";
			};
			name = Debug;
		};
		1717A95B1B40216B008AAB15 /* Release */ = {
			isa = XCBuildConfiguration;
			buildSettings = {
				ALWAYS_SEARCH_USER_PATHS = NO;
				CLANG_CXX_LANGUAGE_STANDARD = "gnu++0x";
				CLANG_CXX_LIBRARY = "libc++";
				CLANG_ENABLE_MODULES = YES;
				CLANG_ENABLE_OBJC_ARC = YES;
				CLANG_WARN_BOOL_CONVERSION = YES;
				CLANG_WARN_CONSTANT_CONVERSION = YES;
				CLANG_WARN_DIRECT_OBJC_ISA_USAGE = YES_ERROR;
				CLANG_WARN_EMPTY_BODY = YES;
				CLANG_WARN_ENUM_CONVERSION = YES;
				CLANG_WARN_INT_CONVERSION = YES;
				CLANG_WARN_OBJC_ROOT_CLASS = YES_ERROR;
				CLANG_WARN_UNREACHABLE_CODE = YES;
				CLANG_WARN__DUPLICATE_METHOD_MATCH = YES;
				"CODE_SIGN_IDENTITY[sdk=iphoneos*]" = "iPhone Developer";
				COPY_PHASE_STRIP = NO;
				ENABLE_NS_ASSERTIONS = NO;
				ENABLE_STRICT_OBJC_MSGSEND = YES;
				GCC_C_LANGUAGE_STANDARD = gnu99;
				GCC_WARN_64_TO_32_BIT_CONVERSION = YES;
				GCC_WARN_ABOUT_RETURN_TYPE = YES_ERROR;
				GCC_WARN_UNDECLARED_SELECTOR = YES;
				GCC_WARN_UNINITIALIZED_AUTOS = YES_AGGRESSIVE;
				GCC_WARN_UNUSED_FUNCTION = YES;
				GCC_WARN_UNUSED_VARIABLE = YES;
				IPHONEOS_DEPLOYMENT_TARGET = 8.2;
				MTL_ENABLE_DEBUG_INFO = NO;
				SDKROOT = iphoneos;
				TARGETED_DEVICE_FAMILY = "1,2";
				VALIDATE_PRODUCT = YES;
			};
			name = Release;
		};
		1717A95D1B40216B008AAB15 /* Debug */ = {
			isa = XCBuildConfiguration;
			buildSettings = {
				ASSETCATALOG_COMPILER_APPICON_NAME = AppIcon;
				INFOPLIST_FILE = ShoveMe/Info.plist;
				LD_RUNPATH_SEARCH_PATHS = "$(inherited) @executable_path/Frameworks";
				PRODUCT_NAME = "$(TARGET_NAME)";
			};
			name = Debug;
		};
		1717A95E1B40216B008AAB15 /* Release */ = {
			isa = XCBuildConfiguration;
			buildSettings = {
				ASSETCATALOG_COMPILER_APPICON_NAME = AppIcon;
				INFOPLIST_FILE = ShoveMe/Info.plist;
				LD_RUNPATH_SEARCH_PATHS = "$(inherited) @executable_path/Frameworks";
				PRODUCT_NAME = "$(TARGET_NAME)";
			};
			name = Release;
		};
		1717A9601B40216B008AAB15 /* Debug */ = {
			isa = XCBuildConfiguration;
			buildSettings = {
				BUNDLE_LOADER = "$(TEST_HOST)";
				FRAMEWORK_SEARCH_PATHS = (
					"$(SDKROOT)/Developer/Library/Frameworks",
					"$(inherited)",
				);
				GCC_PREPROCESSOR_DEFINITIONS = (
					"DEBUG=1",
					"$(inherited)",
				);
				INFOPLIST_FILE = ShoveMeTests/Info.plist;
				LD_RUNPATH_SEARCH_PATHS = "$(inherited) @executable_path/Frameworks @loader_path/Frameworks";
				PRODUCT_NAME = "$(TARGET_NAME)";
				TEST_HOST = "$(BUILT_PRODUCTS_DIR)/ShoveMe.app/ShoveMe";
			};
			name = Debug;
		};
		1717A9611B40216B008AAB15 /* Release */ = {
			isa = XCBuildConfiguration;
			buildSettings = {
				BUNDLE_LOADER = "$(TEST_HOST)";
				FRAMEWORK_SEARCH_PATHS = (
					"$(SDKROOT)/Developer/Library/Frameworks",
					"$(inherited)",
				);
				INFOPLIST_FILE = ShoveMeTests/Info.plist;
				LD_RUNPATH_SEARCH_PATHS = "$(inherited) @executable_path/Frameworks @loader_path/Frameworks";
				PRODUCT_NAME = "$(TARGET_NAME)";
				TEST_HOST = "$(BUILT_PRODUCTS_DIR)/ShoveMe.app/ShoveMe";
			};
			name = Release;
		};
/* End XCBuildConfiguration section */

/* Begin XCConfigurationList section */
		1717A9381B40216B008AAB15 /* Build configuration list for PBXProject "ShoveMe" */ = {
			isa = XCConfigurationList;
			buildConfigurations = (
				1717A95A1B40216B008AAB15 /* Debug */,
				1717A95B1B40216B008AAB15 /* Release */,
			);
			defaultConfigurationIsVisible = 0;
			defaultConfigurationName = Release;
		};
		1717A95C1B40216B008AAB15 /* Build configuration list for PBXNativeTarget "ShoveMe" */ = {
			isa = XCConfigurationList;
			buildConfigurations = (
				1717A95D1B40216B008AAB15 /* Debug */,
				1717A95E1B40216B008AAB15 /* Release */,
			);
			defaultConfigurationIsVisible = 0;
		};
		1717A95F1B40216B008AAB15 /* Build configuration list for PBXNativeTarget "ShoveMeTests" */ = {
			isa = XCConfigurationList;
			buildConfigurations = (
				1717A9601B40216B008AAB15 /* Debug */,
				1717A9611B40216B008AAB15 /* Release */,
			);
			defaultConfigurationIsVisible = 0;
		};
/* End XCConfigurationList section */
	};
	rootObject = 1717A9351B40216B008AAB15 /* Project object */;
}
